
Microsoft Visual Studio Solution File, Format Version 12.00
# Visual Studio Version 16
VisualStudioVersion = 16.0.29728.190
MinimumVisualStudioVersion = 10.0.40219.1
Project("{9A19103F-16F7-4668-BE54-9A1E7A4F7556}") = "CabInvoiceGenerator", "CabInvoiceGenerator.csproj", "{68A8ADB6-F205-4A4D-81EE-BDED401BFD88}"
EndProject
Project("{FAE04EC0-301F-11D3-BF4B-00C04F79EFBC}") = "NUnitTesting", "..\NUnitTesting\NUnitTesting.csproj", "{74803D4C-9272-4159-BADF-8CD716B42952}"
EndProject
Global
	GlobalSection(SolutionConfigurationPlatforms) = preSolution
		Debug|Any CPU = Debug|Any CPU
		Release|Any CPU = Release|Any CPU
	EndGlobalSection
	GlobalSection(ProjectConfigurationPlatforms) = postSolution
		{68A8ADB6-F205-4A4D-81EE-BDED401BFD88}.Debug|Any CPU.ActiveCfg = Debug|Any CPU
		{68A8ADB6-F205-4A4D-81EE-BDED401BFD88}.Debug|Any CPU.Build.0 = Debug|Any CPU
		{68A8ADB6-F205-4A4D-81EE-BDED401BFD88}.Release|Any CPU.ActiveCfg = Release|Any CPU
		{68A8ADB6-F205-4A4D-81EE-BDED401BFD88}.Release|Any CPU.Build.0 = Release|Any CPU
		{74803D4C-9272-4159-BADF-8CD716B42952}.Debug|Any CPU.ActiveCfg = Debug|Any CPU
		{74803D4C-9272-4159-BADF-8CD716B42952}.Debug|Any CPU.Build.0 = Debug|Any CPU
		{74803D4C-9272-4159-BADF-8CD716B42952}.Release|Any CPU.ActiveCfg = Release|Any CPU
		{74803D4C-9272-4159-BADF-8CD716B42952}.Release|Any CPU.Build.0 = Release|Any CPU
	EndGlobalSection
	GlobalSection(SolutionProperties) = preSolution
		HideSolutionNode = FALSE
	EndGlobalSection
	GlobalSection(ExtensibilityGlobals) = postSolution
		SolutionGuid = {9D494E16-9FD4-4FA7-A664-4E808205EACA}
	EndGlobalSection
EndGlobal
